
Microsoft Visual Studio Solution File, Format Version 12.00
# Visual Studio Version 17
VisualStudioVersion = 17.0.31903.59
MinimumVisualStudioVersion = 10.0.40219.1
Project("{FAE04EC0-301F-11D3-BF4B-00C04F79EFBC}") = "API", "API\API.csproj", "{71E4F05D-3F54-4D7C-BC6A-9127A3596199}"
EndProject
Project("{FAE04EC0-301F-11D3-BF4B-00C04F79EFBC}") = "Core", "core\Core.csproj", "{B3197880-7C7F-4176-B8A5-1E53614E8EE7}"
EndProject
Project("{FAE04EC0-301F-11D3-BF4B-00C04F79EFBC}") = "Infrastructure", "Infrastructure\Infrastructure.csproj", "{22BAA1F8-F7FD-4A76-A51D-EE6EF4C39398}"
EndProject
Global
	GlobalSection(SolutionConfigurationPlatforms) = preSolution
		Debug|Any CPU = Debug|Any CPU
		Release|Any CPU = Release|Any CPU
	EndGlobalSection
	GlobalSection(SolutionProperties) = preSolution
		HideSolutionNode = FALSE
	EndGlobalSection
	GlobalSection(ProjectConfigurationPlatforms) = postSolution
		{71E4F05D-3F54-4D7C-BC6A-9127A3596199}.Debug|Any CPU.ActiveCfg = Debug|Any CPU
		{71E4F05D-3F54-4D7C-BC6A-9127A3596199}.Debug|Any CPU.Build.0 = Debug|Any CPU
		{71E4F05D-3F54-4D7C-BC6A-9127A3596199}.Release|Any CPU.ActiveCfg = Release|Any CPU
		{71E4F05D-3F54-4D7C-BC6A-9127A3596199}.Release|Any CPU.Build.0 = Release|Any CPU
		{B3197880-7C7F-4176-B8A5-1E53614E8EE7}.Debug|Any CPU.ActiveCfg = Debug|Any CPU
		{B3197880-7C7F-4176-B8A5-1E53614E8EE7}.Debug|Any CPU.Build.0 = Debug|Any CPU
		{B3197880-7C7F-4176-B8A5-1E53614E8EE7}.Release|Any CPU.ActiveCfg = Release|Any CPU
		{B3197880-7C7F-4176-B8A5-1E53614E8EE7}.Release|Any CPU.Build.0 = Release|Any CPU
		{22BAA1F8-F7FD-4A76-A51D-EE6EF4C39398}.Debug|Any CPU.ActiveCfg = Debug|Any CPU
		{22BAA1F8-F7FD-4A76-A51D-EE6EF4C39398}.Debug|Any CPU.Build.0 = Debug|Any CPU
		{22BAA1F8-F7FD-4A76-A51D-EE6EF4C39398}.Release|Any CPU.ActiveCfg = Release|Any CPU
		{22BAA1F8-F7FD-4A76-A51D-EE6EF4C39398}.Release|Any CPU.Build.0 = Release|Any CPU
	EndGlobalSection
EndGlobal
